
Microsoft Visual Studio Solution File, Format Version 12.00
# Visual Studio Version 17
VisualStudioVersion = 17.13.35931.197 d17.13
MinimumVisualStudioVersion = 10.0.40219.1
Project("{FAE04EC0-301F-11D3-BF4B-00C04F79EFBC}") = "CollectionsAndLoops_25", "CollectionsAndLoops_25\CollectionsAndLoops_25.csproj", "{248955D6-341D-41B1-8A63-A27CDE3B9746}"
EndProject
Global
	GlobalSection(SolutionConfigurationPlatforms) = preSolution
		Debug|Any CPU = Debug|Any CPU
		Release|Any CPU = Release|Any CPU
	EndGlobalSection
	GlobalSection(ProjectConfigurationPlatforms) = postSolution
		{248955D6-341D-41B1-8A63-A27CDE3B9746}.Debug|Any CPU.ActiveCfg = Debug|Any CPU
		{248955D6-341D-41B1-8A63-A27CDE3B9746}.Debug|Any CPU.Build.0 = Debug|Any CPU
		{248955D6-341D-41B1-8A63-A27CDE3B9746}.Release|Any CPU.ActiveCfg = Release|Any CPU
		{248955D6-341D-41B1-8A63-A27CDE3B9746}.Release|Any CPU.Build.0 = Release|Any CPU
	EndGlobalSection
	GlobalSection(SolutionProperties) = preSolution
		HideSolutionNode = FALSE
	EndGlobalSection
	GlobalSection(ExtensibilityGlobals) = postSolution
		SolutionGuid = {C494886C-9375-4A48-8727-2A2C7DCD3249}
	EndGlobalSection
EndGlobal
